
Microsoft Visual Studio Solution File, Format Version 12.00
# Visual Studio Version 17
VisualStudioVersion = 17.4.33205.214
MinimumVisualStudioVersion = 10.0.40219.1
Project("{FAE04EC0-301F-11D3-BF4B-00C04F79EFBC}") = "DatalagrinWPF_App", "DatalagrinWPF_App.csproj", "{39175BD2-BB56-44E5-94E8-0732E80EB508}"
EndProject
Global
	GlobalSection(SolutionConfigurationPlatforms) = preSolution
		Debug|Any CPU = Debug|Any CPU
		Release|Any CPU = Release|Any CPU
	EndGlobalSection
	GlobalSection(ProjectConfigurationPlatforms) = postSolution
		{39175BD2-BB56-44E5-94E8-0732E80EB508}.Debug|Any CPU.ActiveCfg = Debug|Any CPU
		{39175BD2-BB56-44E5-94E8-0732E80EB508}.Debug|Any CPU.Build.0 = Debug|Any CPU
		{39175BD2-BB56-44E5-94E8-0732E80EB508}.Release|Any CPU.ActiveCfg = Release|Any CPU
		{39175BD2-BB56-44E5-94E8-0732E80EB508}.Release|Any CPU.Build.0 = Release|Any CPU
	EndGlobalSection
	GlobalSection(SolutionProperties) = preSolution
		HideSolutionNode = FALSE
	EndGlobalSection
	GlobalSection(ExtensibilityGlobals) = postSolution
		SolutionGuid = {58212993-B263-4B4F-B61F-ED6CE8BC4F84}
	EndGlobalSection
EndGlobal
